// !$*UTF8*$!
{
	archiveVersion = 1;
	classes = {
	};
	objectVersion = 46;
	objects = {

/* Begin PBXBuildFile section */
		1079B7659A13B2896299FE00 /* Pods_RestClientDemo.framework in Frameworks */ = {isa = PBXBuildFile; fileRef = 4AFAA2FF14C9329B3653AAAF /* Pods_RestClientDemo.framework */; };
		A06F0DE41D40282400D8457C /* SwiftyJSON.framework in Frameworks */ = {isa = PBXBuildFile; fileRef = A06F0DE31D40282400D8457C /* SwiftyJSON.framework */; };
		A0BCC8C81D4005B200C4306F /* AppDelegate.swift in Sources */ = {isa = PBXBuildFile; fileRef = A0BCC8C71D4005B200C4306F /* AppDelegate.swift */; };
		A0BCC8CA1D4005B200C4306F /* ViewController.swift in Sources */ = {isa = PBXBuildFile; fileRef = A0BCC8C91D4005B200C4306F /* ViewController.swift */; };
		A0BCC8CD1D4005B200C4306F /* Main.storyboard in Resources */ = {isa = PBXBuildFile; fileRef = A0BCC8CB1D4005B200C4306F /* Main.storyboard */; };
		A0BCC8CF1D4005B200C4306F /* Assets.xcassets in Resources */ = {isa = PBXBuildFile; fileRef = A0BCC8CE1D4005B200C4306F /* Assets.xcassets */; };
		A0BCC8D21D4005B200C4306F /* LaunchScreen.storyboard in Resources */ = {isa = PBXBuildFile; fileRef = A0BCC8D01D4005B200C4306F /* LaunchScreen.storyboard */; };
		A0BCC8DA1D40088400C4306F /* Alamofire.framework in Frameworks */ = {isa = PBXBuildFile; fileRef = A0BCC8D91D40088400C4306F /* Alamofire.framework */; };
		A0C7E4AB1D400C9F0066BAEB /* GuillotineMenu.framework in Frameworks */ = {isa = PBXBuildFile; fileRef = A0C7E4AA1D400C9F0066BAEB /* GuillotineMenu.framework */; };
/* End PBXBuildFile section */

/* Begin PBXFileReference section */
		30A07957EFBB268F94239674 /* Pods-RestClientDemo.debug.xcconfig */ = {isa = PBXFileReference; includeInIndex = 1; lastKnownFileType = text.xcconfig; name = "Pods-RestClientDemo.debug.xcconfig"; path = "Pods/Target Support Files/Pods-RestClientDemo/Pods-RestClientDemo.debug.xcconfig"; sourceTree = "<group>"; };
		4AFAA2FF14C9329B3653AAAF /* Pods_RestClientDemo.framework */ = {isa = PBXFileReference; explicitFileType = wrapper.framework; includeInIndex = 0; path = Pods_RestClientDemo.framework; sourceTree = BUILT_PRODUCTS_DIR; };
		62924B7340A93B4BF005521F /* Pods-RestClientDemo.release.xcconfig */ = {isa = PBXFileReference; includeInIndex = 1; lastKnownFileType = text.xcconfig; name = "Pods-RestClientDemo.release.xcconfig"; path = "Pods/Target Support Files/Pods-RestClientDemo/Pods-RestClientDemo.release.xcconfig"; sourceTree = "<group>"; };
		A06F0DE31D40282400D8457C /* SwiftyJSON.framework */ = {isa = PBXFileReference; lastKnownFileType = wrapper.framework; name = SwiftyJSON.framework; path = "../../../Library/Developer/Xcode/DerivedData/RestClientDemo-fjcbvfdxzquxojdojvriimddvaqp/Build/Products/Debug-iphonesimulator/SwiftyJSON/SwiftyJSON.framework"; sourceTree = "<group>"; };
		A0BCC8C41D4005B200C4306F /* RestClientDemo.app */ = {isa = PBXFileReference; explicitFileType = wrapper.application; includeInIndex = 0; path = RestClientDemo.app; sourceTree = BUILT_PRODUCTS_DIR; };
		A0BCC8C71D4005B200C4306F /* AppDelegate.swift */ = {isa = PBXFileReference; lastKnownFileType = sourcecode.swift; path = AppDelegate.swift; sourceTree = "<group>"; };
		A0BCC8C91D4005B200C4306F /* ViewController.swift */ = {isa = PBXFileReference; lastKnownFileType = sourcecode.swift; path = ViewController.swift; sourceTree = "<group>"; };
		A0BCC8CC1D4005B200C4306F /* Base */ = {isa = PBXFileReference; lastKnownFileType = file.storyboard; name = Base; path = Base.lproj/Main.storyboard; sourceTree = "<group>"; };
		A0BCC8CE1D4005B200C4306F /* Assets.xcassets */ = {isa = PBXFileReference; lastKnownFileType = folder.assetcatalog; path = Assets.xcassets; sourceTree = "<group>"; };
		A0BCC8D11D4005B200C4306F /* Base */ = {isa = PBXFileReference; lastKnownFileType = file.storyboard; name = Base; path = Base.lproj/LaunchScreen.storyboard; sourceTree = "<group>"; };
		A0BCC8D31D4005B200C4306F /* Info.plist */ = {isa = PBXFileReference; lastKnownFileType = text.plist.xml; path = Info.plist; sourceTree = "<group>"; };
		A0BCC8D91D40088400C4306F /* Alamofire.framework */ = {isa = PBXFileReference; lastKnownFileType = wrapper.framework; name = Alamofire.framework; path = "../../../Library/Developer/Xcode/DerivedData/RestClientDemo-fjcbvfdxzquxojdojvriimddvaqp/Build/Products/Debug-iphonesimulator/Alamofire/Alamofire.framework"; sourceTree = "<group>"; };
		A0C7E4AA1D400C9F0066BAEB /* GuillotineMenu.framework */ = {isa = PBXFileReference; lastKnownFileType = wrapper.framework; name = GuillotineMenu.framework; path = "../../../Library/Developer/Xcode/DerivedData/RestClientDemo-fjcbvfdxzquxojdojvriimddvaqp/Build/Products/Debug-iphonesimulator/GuillotineMenu/GuillotineMenu.framework"; sourceTree = "<group>"; };
/* End PBXFileReference section */

/* Begin PBXFrameworksBuildPhase section */
		A0BCC8C11D4005B200C4306F /* Frameworks */ = {
			isa = PBXFrameworksBuildPhase;
			buildActionMask = 2147483647;
			files = (
				A06F0DE41D40282400D8457C /* SwiftyJSON.framework in Frameworks */,
				A0C7E4AB1D400C9F0066BAEB /* GuillotineMenu.framework in Frameworks */,
				A0BCC8DA1D40088400C4306F /* Alamofire.framework in Frameworks */,
				1079B7659A13B2896299FE00 /* Pods_RestClientDemo.framework in Frameworks */,
			);
			runOnlyForDeploymentPostprocessing = 0;
		};
/* End PBXFrameworksBuildPhase section */

/* Begin PBXGroup section */
		836B01A51081246274C60073 /* Frameworks */ = {
			isa = PBXGroup;
			children = (
				A06F0DE31D40282400D8457C /* SwiftyJSON.framework */,
				A0C7E4AA1D400C9F0066BAEB /* GuillotineMenu.framework */,
				A0BCC8D91D40088400C4306F /* Alamofire.framework */,
				4AFAA2FF14C9329B3653AAAF /* Pods_RestClientDemo.framework */,
			);
			name = Frameworks;
			sourceTree = "<group>";
		};
		A0BCC8BB1D4005B200C4306F = {
			isa = PBXGroup;
			children = (
				A0BCC8C61D4005B200C4306F /* RestClientDemo */,
				A0BCC8C51D4005B200C4306F /* Products */,
				EDA47DB0473450EB41059B99 /* Pods */,
				836B01A51081246274C60073 /* Frameworks */,
			);
			sourceTree = "<group>";
		};
		A0BCC8C51D4005B200C4306F /* Products */ = {
			isa = PBXGroup;
			children = (
				A0BCC8C41D4005B200C4306F /* RestClientDemo.app */,
			);
			name = Products;
			sourceTree = "<group>";
		};
		A0BCC8C61D4005B200C4306F /* RestClientDemo */ = {
			isa = PBXGroup;
			children = (
				A0BCC8C71D4005B200C4306F /* AppDelegate.swift */,
				A0BCC8C91D4005B200C4306F /* ViewController.swift */,
				A0BCC8CB1D4005B200C4306F /* Main.storyboard */,
				A0BCC8CE1D4005B200C4306F /* Assets.xcassets */,
				A0BCC8D01D4005B200C4306F /* LaunchScreen.storyboard */,
				A0BCC8D31D4005B200C4306F /* Info.plist */,
			);
			path = RestClientDemo;
			sourceTree = "<group>";
		};
		EDA47DB0473450EB41059B99 /* Pods */ = {
			isa = PBXGroup;
			children = (
				30A07957EFBB268F94239674 /* Pods-RestClientDemo.debug.xcconfig */,
				62924B7340A93B4BF005521F /* Pods-RestClientDemo.release.xcconfig */,
			);
			name = Pods;
			sourceTree = "<group>";
		};
/* End PBXGroup section */

/* Begin PBXNativeTarget section */
		A0BCC8C31D4005B200C4306F /* RestClientDemo */ = {
			isa = PBXNativeTarget;
			buildConfigurationList = A0BCC8D61D4005B200C4306F /* Build configuration list for PBXNativeTarget "RestClientDemo" */;
			buildPhases = (
				74F420FDBF8867AEC27451F0 /* [CP] Check Pods Manifest.lock */,
				A0BCC8C01D4005B200C4306F /* Sources */,
				A0BCC8C11D4005B200C4306F /* Frameworks */,
				A0BCC8C21D4005B200C4306F /* Resources */,
				DDF82DE5A5EF082DA3391C16 /* [CP] Embed Pods Frameworks */,
				87F5CE18AD421098915C215C /* [CP] Copy Pods Resources */,
			);
			buildRules = (
			);
			dependencies = (
			);
			name = RestClientDemo;
			productName = RestClientDemo;
			productReference = A0BCC8C41D4005B200C4306F /* RestClientDemo.app */;
			productType = "com.apple.product-type.application";
		};
/* End PBXNativeTarget section */

/* Begin PBXProject section */
		A0BCC8BC1D4005B200C4306F /* Project object */ = {
			isa = PBXProject;
			attributes = {
				KnownAssetTags = (
					New,
				);
				LastSwiftUpdateCheck = 0730;
				LastUpgradeCheck = 0730;
				ORGANIZATIONNAME = "Eduardo Palomino";
				TargetAttributes = {
					A0BCC8C31D4005B200C4306F = {
						CreatedOnToolsVersion = 7.3.1;
					};
				};
			};
			buildConfigurationList = A0BCC8BF1D4005B200C4306F /* Build configuration list for PBXProject "RestClientDemo" */;
			compatibilityVersion = "Xcode 3.2";
			developmentRegion = English;
			hasScannedForEncodings = 0;
			knownRegions = (
				en,
				Base,
			);
			mainGroup = A0BCC8BB1D4005B200C4306F;
			productRefGroup = A0BCC8C51D4005B200C4306F /* Products */;
			projectDirPath = "";
			projectRoot = "";
			targets = (
				A0BCC8C31D4005B200C4306F /* RestClientDemo */,
			);
		};
/* End PBXProject section */

/* Begin PBXResourcesBuildPhase section */
		A0BCC8C21D4005B200C4306F /* Resources */ = {
			isa = PBXResourcesBuildPhase;
			buildActionMask = 2147483647;
			files = (
				A0BCC8D21D4005B200C4306F /* LaunchScreen.storyboard in Resources */,
				A0BCC8CF1D4005B200C4306F /* Assets.xcassets in Resources */,
				A0BCC8CD1D4005B200C4306F /* Main.storyboard in Resources */,
			);
			runOnlyForDeploymentPostprocessing = 0;
		};
/* End PBXResourcesBuildPhase section */

/* Begin PBXShellScriptBuildPhase section */
		74F420FDBF8867AEC27451F0 /* [CP] Check Pods Manifest.lock */ = {
			isa = PBXShellScriptBuildPhase;
			buildActionMask = 2147483647;
			files = (
			);
			inputPaths = (
			);
			name = "[CP] Check Pods Manifest.lock";
			outputPaths = (
			);
			runOnlyForDeploymentPostprocessing = 0;
			shellPath = /bin/sh;
			shellScript = "diff \"${PODS_ROOT}/../Podfile.lock\" \"${PODS_ROOT}/Manifest.lock\" > /dev/null\nif [[ $? != 0 ]] ; then\n    cat << EOM\nerror: The sandbox is not in sync with the Podfile.lock. Run 'pod install' or update your CocoaPods installation.\nEOM\n    exit 1\nfi\n";
			showEnvVarsInLog = 0;
		};
		87F5CE18AD421098915C215C /* [CP] Copy Pods Resources */ = {
			isa = PBXShellScriptBuildPhase;
			buildActionMask = 2147483647;
			files = (
			);
			inputPaths = (
			);
			name = "[CP] Copy Pods Resources";
			outputPaths = (
			);
			runOnlyForDeploymentPostprocessing = 0;
			shellPath = /bin/sh;
			shellScript = "\"${SRCROOT}/Pods/Target Support Files/Pods-RestClientDemo/Pods-RestClientDemo-resources.sh\"\n";
			showEnvVarsInLog = 0;
		};
		DDF82DE5A5EF082DA3391C16 /* [CP] Embed Pods Frameworks */ = {
			isa = PBXShellScriptBuildPhase;
			buildActionMask = 2147483647;
			files = (
			);
			inputPaths = (
			);
			name = "[CP] Embed Pods Frameworks";
			outputPaths = (
			);
			runOnlyForDeploymentPostprocessing = 0;
			shellPath = /bin/sh;
			shellScript = "\"${SRCROOT}/Pods/Target Support Files/Pods-RestClientDemo/Pods-RestClientDemo-frameworks.sh\"\n";
			showEnvVarsInLog = 0;
		};
/* End PBXShellScriptBuildPhase section */

/* Begin PBXSourcesBuildPhase section */
		A0BCC8C01D4005B200C4306F /* Sources */ = {
			isa = PBXSourcesBuildPhase;
			buildActionMask = 2147483647;
			files = (
				A0BCC8CA1D4005B200C4306F /* ViewController.swift in Sources */,
				A0BCC8C81D4005B200C4306F /* AppDelegate.swift in Sources */,
			);
			runOnlyForDeploymentPostprocessing = 0;
		};
/* End PBXSourcesBuildPhase section */

/* Begin PBXVariantGroup section */
		A0BCC8CB1D4005B200C4306F /* Main.storyboard */ = {
			isa = PBXVariantGroup;
			children = (
				A0BCC8CC1D4005B200C4306F /* Base */,
			);
			name = Main.storyboard;
			sourceTree = "<group>";
		};
		A0BCC8D01D4005B200C4306F /* LaunchScreen.storyboard */ = {
			isa = PBXVariantGroup;
			children = (
				A0BCC8D11D4005B200C4306F /* Base */,
			);
			name = LaunchScreen.storyboard;
			sourceTree = "<group>";
		};
/* End PBXVariantGroup section */

/* Begin XCBuildConfiguration section */
		A0BCC8D41D4005B200C4306F /* Debug */ = {
			isa = XCBuildConfiguration;
			buildSettings = {
				ALWAYS_SEARCH_USER_PATHS = NO;
				CLANG_ANALYZER_NONNULL = YES;
				CLANG_CXX_LANGUAGE_STANDARD = "gnu++0x";
				CLANG_CXX_LIBRARY = "libc++";
				CLANG_ENABLE_MODULES = YES;
				CLANG_ENABLE_OBJC_ARC = YES;
				CLANG_WARN_BOOL_CONVERSION = YES;
				CLANG_WARN_CONSTANT_CONVERSION = YES;
				CLANG_WARN_DIRECT_OBJC_ISA_USAGE = YES_ERROR;
				CLANG_WARN_EMPTY_BODY = YES;
				CLANG_WARN_ENUM_CONVERSION = YES;
				CLANG_WARN_INT_CONVERSION = YES;
				CLANG_WARN_OBJC_ROOT_CLASS = YES_ERROR;
				CLANG_WARN_UNREACHABLE_CODE = YES;
				CLANG_WARN__DUPLICATE_METHOD_MATCH = YES;
				"CODE_SIGN_IDENTITY[sdk=iphoneos*]" = "iPhone Developer";
				COPY_PHASE_STRIP = NO;
				DEBUG_INFORMATION_FORMAT = dwarf;
				ENABLE_STRICT_OBJC_MSGSEND = YES;
				ENABLE_TESTABILITY = YES;
				GCC_C_LANGUAGE_STANDARD = gnu99;
				GCC_DYNAMIC_NO_PIC = NO;
				GCC_NO_COMMON_BLOCKS = YES;
				GCC_OPTIMIZATION_LEVEL = 0;
				GCC_PREPROCESSOR_DEFINITIONS = (
					"DEBUG=1",
					"$(inherited)",
				);
				GCC_WARN_64_TO_32_BIT_CONVERSION = YES;
				GCC_WARN_ABOUT_RETURN_TYPE = YES_ERROR;
				GCC_WARN_UNDECLARED_SELECTOR = YES;
				GCC_WARN_UNINITIALIZED_AUTOS = YES_AGGRESSIVE;
				GCC_WARN_UNUSED_FUNCTION = YES;
				GCC_WARN_UNUSED_VARIABLE = YES;
				IPHONEOS_DEPLOYMENT_TARGET = 9.3;
				MTL_ENABLE_DEBUG_INFO = YES;
				ONLY_ACTIVE_ARCH = YES;
				SDKROOT = iphoneos;
				SWIFT_OPTIMIZATION_LEVEL = "-Onone";
			};
			name = Debug;
		};
		A0BCC8D51D4005B200C4306F /* Release */ = {
			isa = XCBuildConfiguration;
			buildSettings = {
				ALWAYS_SEARCH_USER_PATHS = NO;
				CLANG_ANALYZER_NONNULL = YES;
				CLANG_CXX_LANGUAGE_STANDARD = "gnu++0x";
				CLANG_CXX_LIBRARY = "libc++";
				CLANG_ENABLE_MODULES = YES;
				CLANG_ENABLE_OBJC_ARC = YES;
				CLANG_WARN_BOOL_CONVERSION = YES;
				CLANG_WARN_CONSTANT_CONVERSION = YES;
				CLANG_WARN_DIRECT_OBJC_ISA_USAGE = YES_ERROR;
				CLANG_WARN_EMPTY_BODY = YES;
				CLANG_WARN_ENUM_CONVERSION = YES;
				CLANG_WARN_INT_CONVERSION = YES;
				CLANG_WARN_OBJC_ROOT_CLASS = YES_ERROR;
				CLANG_WARN_UNREACHABLE_CODE = YES;
				CLANG_WARN__DUPLICATE_METHOD_MATCH = YES;
				"CODE_SIGN_IDENTITY[sdk=iphoneos*]" = "iPhone Developer";
				COPY_PHASE_STRIP = NO;
				DEBUG_INFORMATION_FORMAT = "dwarf-with-dsym";
				ENABLE_NS_ASSERTIONS = NO;
				ENABLE_STRICT_OBJC_MSGSEND = YES;
				GCC_C_LANGUAGE_STANDARD = gnu99;
				GCC_NO_COMMON_BLOCKS = YES;
				GCC_WARN_64_TO_32_BIT_CONVERSION = YES;
				GCC_WARN_ABOUT_RETURN_TYPE = YES_ERROR;
				GCC_WARN_UNDECLARED_SELECTOR = YES;
				GCC_WARN_UNINITIALIZED_AUTOS = YES_AGGRESSIVE;
				GCC_WARN_UNUSED_FUNCTION = YES;
				GCC_WARN_UNUSED_VARIABLE = YES;
				IPHONEOS_DEPLOYMENT_TARGET = 9.3;
				MTL_ENABLE_DEBUG_INFO = NO;
				SDKROOT = iphoneos;
				VALIDATE_PRODUCT = YES;
			};
			name = Release;
		};
		A0BCC8D71D4005B200C4306F /* Debug */ = {
			isa = XCBuildConfiguration;
			baseConfigurationReference = 30A07957EFBB268F94239674 /* Pods-RestClientDemo.debug.xcconfig */;
			buildSettings = {
				ASSETCATALOG_COMPILER_APPICON_NAME = AppIcon;
				INFOPLIST_FILE = RestClientDemo/Info.plist;
				LD_RUNPATH_SEARCH_PATHS = "$(inherited) @executable_path/Frameworks";
				PRODUCT_BUNDLE_IDENTIFIER = doapps.RestClientDemo;
				PRODUCT_NAME = "$(TARGET_NAME)";
			};
			name = Debug;
		};
		A0BCC8D81D4005B200C4306F /* Release */ = {
			isa = XCBuildConfiguration;
			baseConfigurationReference = 62924B7340A93B4BF005521F /* Pods-RestClientDemo.release.xcconfig */;
			buildSettings = {
				ASSETCATALOG_COMPILER_APPICON_NAME = AppIcon;
				INFOPLIST_FILE = RestClientDemo/Info.plist;
				LD_RUNPATH_SEARCH_PATHS = "$(inherited) @executable_path/Frameworks";
				PRODUCT_BUNDLE_IDENTIFIER = doapps.RestClientDemo;
				PRODUCT_NAME = "$(TARGET_NAME)";
			};
			name = Release;
		};
/* End XCBuildConfiguration section */

/* Begin XCConfigurationList section */
		A0BCC8BF1D4005B200C4306F /* Build configuration list for PBXProject "RestClientDemo" */ = {
			isa = XCConfigurationList;
			buildConfigurations = (
				A0BCC8D41D4005B200C4306F /* Debug */,
				A0BCC8D51D4005B200C4306F /* Release */,
			);
			defaultConfigurationIsVisible = 0;
			defaultConfigurationName = Release;
		};
		A0BCC8D61D4005B200C4306F /* Build configuration list for PBXNativeTarget "RestClientDemo" */ = {
			isa = XCConfigurationList;
			buildConfigurations = (
				A0BCC8D71D4005B200C4306F /* Debug */,
				A0BCC8D81D4005B200C4306F /* Release */,
			);
			defaultConfigurationIsVisible = 0;
			defaultConfigurationName = Release;
		};
/* End XCConfigurationList section */
	};
	rootObject = A0BCC8BC1D4005B200C4306F /* Project object */;
}
